// !$*UTF8*$!
{
	archiveVersion = 1;
	classes = {
	};
	objectVersion = 56;
	objects = {

/* Begin PBXBuildFile section */
		8CD104E52A28C86200B874CD /* AppDelegate.swift in Sources */ = {isa = PBXBuildFile; fileRef = 8CD104E42A28C86200B874CD /* AppDelegate.swift */; };
		8CD104E72A28C86200B874CD /* SceneDelegate.swift in Sources */ = {isa = PBXBuildFile; fileRef = 8CD104E62A28C86200B874CD /* SceneDelegate.swift */; };
		8CD104E92A28C86200B874CD /* ArticlesViewController.swift in Sources */ = {isa = PBXBuildFile; fileRef = 8CD104E82A28C86200B874CD /* ArticlesViewController.swift */; };
		8CD104EC2A28C86200B874CD /* Main.storyboard in Resources */ = {isa = PBXBuildFile; fileRef = 8CD104EA2A28C86200B874CD /* Main.storyboard */; };
		8CD104EE2A28C86300B874CD /* Assets.xcassets in Resources */ = {isa = PBXBuildFile; fileRef = 8CD104ED2A28C86300B874CD /* Assets.xcassets */; };
		8CD104F12A28C86300B874CD /* LaunchScreen.storyboard in Resources */ = {isa = PBXBuildFile; fileRef = 8CD104EF2A28C86300B874CD /* LaunchScreen.storyboard */; };
		8CD104F92A28CAD700B874CD /* ArticlesTableViewCell.swift in Sources */ = {isa = PBXBuildFile; fileRef = 8CD104F82A28CAD700B874CD /* ArticlesTableViewCell.swift */; };
		8CD104FD2A28CCBE00B874CD /* Webservice.swift in Sources */ = {isa = PBXBuildFile; fileRef = 8CD104FC2A28CCBE00B874CD /* Webservice.swift */; };
		8CD105002A28CE8800B874CD /* Articles.swift in Sources */ = {isa = PBXBuildFile; fileRef = 8CD104FF2A28CE8800B874CD /* Articles.swift */; };
		8CD105022A28CE9300B874CD /* Article.swift in Sources */ = {isa = PBXBuildFile; fileRef = 8CD105012A28CE9300B874CD /* Article.swift */; };
		8CD105052A28D07500B874CD /* ArticlesViewModel.swift in Sources */ = {isa = PBXBuildFile; fileRef = 8CD105042A28D07500B874CD /* ArticlesViewModel.swift */; };
		8CD105072A28D08200B874CD /* ArticleViewModel.swift in Sources */ = {isa = PBXBuildFile; fileRef = 8CD105062A28D08200B874CD /* ArticleViewModel.swift */; };
		8CD105092A28D7E100B874CD /* DetailedArticleVC.swift in Sources */ = {isa = PBXBuildFile; fileRef = 8CD105082A28D7E100B874CD /* DetailedArticleVC.swift */; };
/* End PBXBuildFile section */

/* Begin PBXFileReference section */
		8CD104E12A28C86200B874CD /* MVVMPracticeSimpleNewsApp.app */ = {isa = PBXFileReference; explicitFileType = wrapper.application; includeInIndex = 0; path = MVVMPracticeSimpleNewsApp.app; sourceTree = BUILT_PRODUCTS_DIR; };
		8CD104E42A28C86200B874CD /* AppDelegate.swift */ = {isa = PBXFileReference; lastKnownFileType = sourcecode.swift; path = AppDelegate.swift; sourceTree = "<group>"; };
		8CD104E62A28C86200B874CD /* SceneDelegate.swift */ = {isa = PBXFileReference; lastKnownFileType = sourcecode.swift; path = SceneDelegate.swift; sourceTree = "<group>"; };
		8CD104E82A28C86200B874CD /* ArticlesViewController.swift */ = {isa = PBXFileReference; lastKnownFileType = sourcecode.swift; path = ArticlesViewController.swift; sourceTree = "<group>"; };
		8CD104EB2A28C86200B874CD /* Base */ = {isa = PBXFileReference; lastKnownFileType = file.storyboard; name = Base; path = Base.lproj/Main.storyboard; sourceTree = "<group>"; };
		8CD104ED2A28C86300B874CD /* Assets.xcassets */ = {isa = PBXFileReference; lastKnownFileType = folder.assetcatalog; path = Assets.xcassets; sourceTree = "<group>"; };
		8CD104F02A28C86300B874CD /* Base */ = {isa = PBXFileReference; lastKnownFileType = file.storyboard; name = Base; path = Base.lproj/LaunchScreen.storyboard; sourceTree = "<group>"; };
		8CD104F22A28C86300B874CD /* Info.plist */ = {isa = PBXFileReference; lastKnownFileType = text.plist.xml; path = Info.plist; sourceTree = "<group>"; };
		8CD104F82A28CAD700B874CD /* ArticlesTableViewCell.swift */ = {isa = PBXFileReference; lastKnownFileType = sourcecode.swift; path = ArticlesTableViewCell.swift; sourceTree = "<group>"; };
		8CD104FC2A28CCBE00B874CD /* Webservice.swift */ = {isa = PBXFileReference; lastKnownFileType = sourcecode.swift; path = Webservice.swift; sourceTree = "<group>"; };
		8CD104FF2A28CE8800B874CD /* Articles.swift */ = {isa = PBXFileReference; lastKnownFileType = sourcecode.swift; path = Articles.swift; sourceTree = "<group>"; };
		8CD105012A28CE9300B874CD /* Article.swift */ = {isa = PBXFileReference; lastKnownFileType = sourcecode.swift; path = Article.swift; sourceTree = "<group>"; };
		8CD105042A28D07500B874CD /* ArticlesViewModel.swift */ = {isa = PBXFileReference; lastKnownFileType = sourcecode.swift; path = ArticlesViewModel.swift; sourceTree = "<group>"; };
		8CD105062A28D08200B874CD /* ArticleViewModel.swift */ = {isa = PBXFileReference; lastKnownFileType = sourcecode.swift; path = ArticleViewModel.swift; sourceTree = "<group>"; };
		8CD105082A28D7E100B874CD /* DetailedArticleVC.swift */ = {isa = PBXFileReference; lastKnownFileType = sourcecode.swift; path = DetailedArticleVC.swift; sourceTree = "<group>"; };
/* End PBXFileReference section */

/* Begin PBXFrameworksBuildPhase section */
		8CD104DE2A28C86200B874CD /* Frameworks */ = {
			isa = PBXFrameworksBuildPhase;
			buildActionMask = 2147483647;
			files = (
			);
			runOnlyForDeploymentPostprocessing = 0;
		};
/* End PBXFrameworksBuildPhase section */

/* Begin PBXGroup section */
		8CD104D82A28C86200B874CD = {
			isa = PBXGroup;
			children = (
				8CD104E32A28C86200B874CD /* MVVMPracticeSimpleNewsApp */,
				8CD104E22A28C86200B874CD /* Products */,
			);
			sourceTree = "<group>";
		};
		8CD104E22A28C86200B874CD /* Products */ = {
			isa = PBXGroup;
			children = (
				8CD104E12A28C86200B874CD /* MVVMPracticeSimpleNewsApp.app */,
			);
			name = Products;
			sourceTree = "<group>";
		};
		8CD104E32A28C86200B874CD /* MVVMPracticeSimpleNewsApp */ = {
			isa = PBXGroup;
			children = (
				8CD104E42A28C86200B874CD /* AppDelegate.swift */,
				8CD104E62A28C86200B874CD /* SceneDelegate.swift */,
				8CD105032A28D06100B874CD /* ViewModel */,
				8CD104FE2A28CE6900B874CD /* Model */,
				8CD104FB2A28CCA500B874CD /* Service */,
				8CD104FA2A28CC9700B874CD /* Controller */,
				8CD104EA2A28C86200B874CD /* Main.storyboard */,
				8CD104ED2A28C86300B874CD /* Assets.xcassets */,
				8CD104EF2A28C86300B874CD /* LaunchScreen.storyboard */,
				8CD104F22A28C86300B874CD /* Info.plist */,
			);
			path = MVVMPracticeSimpleNewsApp;
			sourceTree = "<group>";
		};
		8CD104FA2A28CC9700B874CD /* Controller */ = {
			isa = PBXGroup;
			children = (
				8CD104E82A28C86200B874CD /* ArticlesViewController.swift */,
				8CD104F82A28CAD700B874CD /* ArticlesTableViewCell.swift */,
				8CD105082A28D7E100B874CD /* DetailedArticleVC.swift */,
			);
			path = Controller;
			sourceTree = "<group>";
		};
		8CD104FB2A28CCA500B874CD /* Service */ = {
			isa = PBXGroup;
			children = (
				8CD104FC2A28CCBE00B874CD /* Webservice.swift */,
			);
			path = Service;
			sourceTree = "<group>";
		};
		8CD104FE2A28CE6900B874CD /* Model */ = {
			isa = PBXGroup;
			children = (
				8CD104FF2A28CE8800B874CD /* Articles.swift */,
				8CD105012A28CE9300B874CD /* Article.swift */,
			);
			path = Model;
			sourceTree = "<group>";
		};
		8CD105032A28D06100B874CD /* ViewModel */ = {
			isa = PBXGroup;
			children = (
				8CD105042A28D07500B874CD /* ArticlesViewModel.swift */,
				8CD105062A28D08200B874CD /* ArticleViewModel.swift */,
			);
			path = ViewModel;
			sourceTree = "<group>";
		};
/* End PBXGroup section */

/* Begin PBXNativeTarget section */
		8CD104E02A28C86200B874CD /* MVVMPracticeSimpleNewsApp */ = {
			isa = PBXNativeTarget;
			buildConfigurationList = 8CD104F52A28C86300B874CD /* Build configuration list for PBXNativeTarget "MVVMPracticeSimpleNewsApp" */;
			buildPhases = (
				8CD104DD2A28C86200B874CD /* Sources */,
				8CD104DE2A28C86200B874CD /* Frameworks */,
				8CD104DF2A28C86200B874CD /* Resources */,
			);
			buildRules = (
			);
			dependencies = (
			);
			name = MVVMPracticeSimpleNewsApp;
			productName = MVVMPracticeSimpleNewsApp;
			productReference = 8CD104E12A28C86200B874CD /* MVVMPracticeSimpleNewsApp.app */;
			productType = "com.apple.product-type.application";
		};
/* End PBXNativeTarget section */

/* Begin PBXProject section */
		8CD104D92A28C86200B874CD /* Project object */ = {
			isa = PBXProject;
			attributes = {
				BuildIndependentTargetsInParallel = 1;
				LastSwiftUpdateCheck = 1430;
				LastUpgradeCheck = 1430;
				TargetAttributes = {
					8CD104E02A28C86200B874CD = {
						CreatedOnToolsVersion = 14.3;
					};
				};
			};
			buildConfigurationList = 8CD104DC2A28C86200B874CD /* Build configuration list for PBXProject "MVVMPracticeSimpleNewsApp" */;
			compatibilityVersion = "Xcode 14.0";
			developmentRegion = en;
			hasScannedForEncodings = 0;
			knownRegions = (
				en,
				Base,
			);
			mainGroup = 8CD104D82A28C86200B874CD;
			productRefGroup = 8CD104E22A28C86200B874CD /* Products */;
			projectDirPath = "";
			projectRoot = "";
			targets = (
				8CD104E02A28C86200B874CD /* MVVMPracticeSimpleNewsApp */,
			);
		};
/* End PBXProject section */

/* Begin PBXResourcesBuildPhase section */
		8CD104DF2A28C86200B874CD /* Resources */ = {
			isa = PBXResourcesBuildPhase;
			buildActionMask = 2147483647;
			files = (
				8CD104F12A28C86300B874CD /* LaunchScreen.storyboard in Resources */,
				8CD104EE2A28C86300B874CD /* Assets.xcassets in Resources */,
				8CD104EC2A28C86200B874CD /* Main.storyboard in Resources */,
			);
			runOnlyForDeploymentPostprocessing = 0;
		};
/* End PBXResourcesBuildPhase section */

/* Begin PBXSourcesBuildPhase section */
		8CD104DD2A28C86200B874CD /* Sources */ = {
			isa = PBXSourcesBuildPhase;
			buildActionMask = 2147483647;
			files = (
				8CD105092A28D7E100B874CD /* DetailedArticleVC.swift in Sources */,
				8CD105022A28CE9300B874CD /* Article.swift in Sources */,
				8CD104F92A28CAD700B874CD /* ArticlesTableViewCell.swift in Sources */,
				8CD104E92A28C86200B874CD /* ArticlesViewController.swift in Sources */,
				8CD104E52A28C86200B874CD /* AppDelegate.swift in Sources */,
				8CD104FD2A28CCBE00B874CD /* Webservice.swift in Sources */,
				8CD105052A28D07500B874CD /* ArticlesViewModel.swift in Sources */,
				8CD105072A28D08200B874CD /* ArticleViewModel.swift in Sources */,
				8CD105002A28CE8800B874CD /* Articles.swift in Sources */,
				8CD104E72A28C86200B874CD /* SceneDelegate.swift in Sources */,
			);
			runOnlyForDeploymentPostprocessing = 0;
		};
/* End PBXSourcesBuildPhase section */

/* Begin PBXVariantGroup section */
		8CD104EA2A28C86200B874CD /* Main.storyboard */ = {
			isa = PBXVariantGroup;
			children = (
				8CD104EB2A28C86200B874CD /* Base */,
			);
			name = Main.storyboard;
			sourceTree = "<group>";
		};
		8CD104EF2A28C86300B874CD /* LaunchScreen.storyboard */ = {
			isa = PBXVariantGroup;
			children = (
				8CD104F02A28C86300B874CD /* Base */,
			);
			name = LaunchScreen.storyboard;
			sourceTree = "<group>";
		};
/* End PBXVariantGroup section */

/* Begin XCBuildConfiguration section */
		8CD104F32A28C86300B874CD /* Debug */ = {
			isa = XCBuildConfiguration;
			buildSettings = {
				ALWAYS_SEARCH_USER_PATHS = NO;
				CLANG_ANALYZER_NONNULL = YES;
				CLANG_ANALYZER_NUMBER_OBJECT_CONVERSION = YES_AGGRESSIVE;
				CLANG_CXX_LANGUAGE_STANDARD = "gnu++20";
				CLANG_ENABLE_MODULES = YES;
				CLANG_ENABLE_OBJC_ARC = YES;
				CLANG_ENABLE_OBJC_WEAK = YES;
				CLANG_WARN_BLOCK_CAPTURE_AUTORELEASING = YES;
				CLANG_WARN_BOOL_CONVERSION = YES;
				CLANG_WARN_COMMA = YES;
				CLANG_WARN_CONSTANT_CONVERSION = YES;
				CLANG_WARN_DEPRECATED_OBJC_IMPLEMENTATIONS = YES;
				CLANG_WARN_DIRECT_OBJC_ISA_USAGE = YES_ERROR;
				CLANG_WARN_DOCUMENTATION_COMMENTS = YES;
				CLANG_WARN_EMPTY_BODY = YES;
				CLANG_WARN_ENUM_CONVERSION = YES;
				CLANG_WARN_INFINITE_RECURSION = YES;
				CLANG_WARN_INT_CONVERSION = YES;
				CLANG_WARN_NON_LITERAL_NULL_CONVERSION = YES;
				CLANG_WARN_OBJC_IMPLICIT_RETAIN_SELF = YES;
				CLANG_WARN_OBJC_LITERAL_CONVERSION = YES;
				CLANG_WARN_OBJC_ROOT_CLASS = YES_ERROR;
				CLANG_WARN_QUOTED_INCLUDE_IN_FRAMEWORK_HEADER = YES;
				CLANG_WARN_RANGE_LOOP_ANALYSIS = YES;
				CLANG_WARN_STRICT_PROTOTYPES = YES;
				CLANG_WARN_SUSPICIOUS_MOVE = YES;
				CLANG_WARN_UNGUARDED_AVAILABILITY = YES_AGGRESSIVE;
				CLANG_WARN_UNREACHABLE_CODE = YES;
				CLANG_WARN__DUPLICATE_METHOD_MATCH = YES;
				COPY_PHASE_STRIP = NO;
				DEBUG_INFORMATION_FORMAT = dwarf;
				ENABLE_STRICT_OBJC_MSGSEND = YES;
				ENABLE_TESTABILITY = YES;
				GCC_C_LANGUAGE_STANDARD = gnu11;
				GCC_DYNAMIC_NO_PIC = NO;
				GCC_NO_COMMON_BLOCKS = YES;
				GCC_OPTIMIZATION_LEVEL = 0;
				GCC_PREPROCESSOR_DEFINITIONS = (
					"DEBUG=1",
					"$(inherited)",
				);
				GCC_WARN_64_TO_32_BIT_CONVERSION = YES;
				GCC_WARN_ABOUT_RETURN_TYPE = YES_ERROR;
				GCC_WARN_UNDECLARED_SELECTOR = YES;
				GCC_WARN_UNINITIALIZED_AUTOS = YES_AGGRESSIVE;
				GCC_WARN_UNUSED_FUNCTION = YES;
				GCC_WARN_UNUSED_VARIABLE = YES;
				IPHONEOS_DEPLOYMENT_TARGET = 16.4;
				MTL_ENABLE_DEBUG_INFO = INCLUDE_SOURCE;
				MTL_FAST_MATH = YES;
				ONLY_ACTIVE_ARCH = YES;
				SDKROOT = iphoneos;
				SWIFT_ACTIVE_COMPILATION_CONDITIONS = DEBUG;
				SWIFT_OPTIMIZATION_LEVEL = "-Onone";
			};
			name = Debug;
		};
		8CD104F42A28C86300B874CD /* Release */ = {
			isa = XCBuildConfiguration;
			buildSettings = {
				ALWAYS_SEARCH_USER_PATHS = NO;
				CLANG_ANALYZER_NONNULL = YES;
				CLANG_ANALYZER_NUMBER_OBJECT_CONVERSION = YES_AGGRESSIVE;
				CLANG_CXX_LANGUAGE_STANDARD = "gnu++20";
				CLANG_ENABLE_MODULES = YES;
				CLANG_ENABLE_OBJC_ARC = YES;
				CLANG_ENABLE_OBJC_WEAK = YES;
				CLANG_WARN_BLOCK_CAPTURE_AUTORELEASING = YES;
				CLANG_WARN_BOOL_CONVERSION = YES;
				CLANG_WARN_COMMA = YES;
				CLANG_WARN_CONSTANT_CONVERSION = YES;
				CLANG_WARN_DEPRECATED_OBJC_IMPLEMENTATIONS = YES;
				CLANG_WARN_DIRECT_OBJC_ISA_USAGE = YES_ERROR;
				CLANG_WARN_DOCUMENTATION_COMMENTS = YES;
				CLANG_WARN_EMPTY_BODY = YES;
				CLANG_WARN_ENUM_CONVERSION = YES;
				CLANG_WARN_INFINITE_RECURSION = YES;
				CLANG_WARN_INT_CONVERSION = YES;
				CLANG_WARN_NON_LITERAL_NULL_CONVERSION = YES;
				CLANG_WARN_OBJC_IMPLICIT_RETAIN_SELF = YES;
				CLANG_WARN_OBJC_LITERAL_CONVERSION = YES;
				CLANG_WARN_OBJC_ROOT_CLASS = YES_ERROR;
				CLANG_WARN_QUOTED_INCLUDE_IN_FRAMEWORK_HEADER = YES;
				CLANG_WARN_RANGE_LOOP_ANALYSIS = YES;
				CLANG_WARN_STRICT_PROTOTYPES = YES;
				CLANG_WARN_SUSPICIOUS_MOVE = YES;
				CLANG_WARN_UNGUARDED_AVAILABILITY = YES_AGGRESSIVE;
				CLANG_WARN_UNREACHABLE_CODE = YES;
				CLANG_WARN__DUPLICATE_METHOD_MATCH = YES;
				COPY_PHASE_STRIP = NO;
				DEBUG_INFORMATION_FORMAT = "dwarf-with-dsym";
				ENABLE_NS_ASSERTIONS = NO;
				ENABLE_STRICT_OBJC_MSGSEND = YES;
				GCC_C_LANGUAGE_STANDARD = gnu11;
				GCC_NO_COMMON_BLOCKS = YES;
				GCC_WARN_64_TO_32_BIT_CONVERSION = YES;
				GCC_WARN_ABOUT_RETURN_TYPE = YES_ERROR;
				GCC_WARN_UNDECLARED_SELECTOR = YES;
				GCC_WARN_UNINITIALIZED_AUTOS = YES_AGGRESSIVE;
				GCC_WARN_UNUSED_FUNCTION = YES;
				GCC_WARN_UNUSED_VARIABLE = YES;
				IPHONEOS_DEPLOYMENT_TARGET = 16.4;
				MTL_ENABLE_DEBUG_INFO = NO;
				MTL_FAST_MATH = YES;
				SDKROOT = iphoneos;
				SWIFT_COMPILATION_MODE = wholemodule;
				SWIFT_OPTIMIZATION_LEVEL = "-O";
				VALIDATE_PRODUCT = YES;
			};
			name = Release;
		};
		8CD104F62A28C86300B874CD /* Debug */ = {
			isa = XCBuildConfiguration;
			buildSettings = {
				ASSETCATALOG_COMPILER_APPICON_NAME = AppIcon;
				ASSETCATALOG_COMPILER_GLOBAL_ACCENT_COLOR_NAME = AccentColor;
				CODE_SIGN_STYLE = Automatic;
				CURRENT_PROJECT_VERSION = 1;
				GENERATE_INFOPLIST_FILE = YES;
				INFOPLIST_FILE = MVVMPracticeSimpleNewsApp/Info.plist;
				INFOPLIST_KEY_UIApplicationSupportsIndirectInputEvents = YES;
				INFOPLIST_KEY_UILaunchStoryboardName = LaunchScreen;
				INFOPLIST_KEY_UIMainStoryboardFile = Main;
				INFOPLIST_KEY_UISupportedInterfaceOrientations_iPad = "UIInterfaceOrientationPortrait UIInterfaceOrientationPortraitUpsideDown UIInterfaceOrientationLandscapeLeft UIInterfaceOrientationLandscapeRight";
				INFOPLIST_KEY_UISupportedInterfaceOrientations_iPhone = "UIInterfaceOrientationPortrait UIInterfaceOrientationLandscapeLeft UIInterfaceOrientationLandscapeRight";
				LD_RUNPATH_SEARCH_PATHS = (
					"$(inherited)",
					"@executable_path/Frameworks",
				);
				MARKETING_VERSION = 1.0;
				PRODUCT_BUNDLE_IDENTIFIER = za.co.carrington.MVVMPracticeSimpleNewsApp;
				PRODUCT_NAME = "$(TARGET_NAME)";
				SWIFT_EMIT_LOC_STRINGS = YES;
				SWIFT_VERSION = 5.0;
				TARGETED_DEVICE_FAMILY = "1,2";
			};
			name = Debug;
		};
		8CD104F72A28C86300B874CD /* Release */ = {
			isa = XCBuildConfiguration;
			buildSettings = {
				ASSETCATALOG_COMPILER_APPICON_NAME = AppIcon;
				ASSETCATALOG_COMPILER_GLOBAL_ACCENT_COLOR_NAME = AccentColor;
				CODE_SIGN_STYLE = Automatic;
				CURRENT_PROJECT_VERSION = 1;
				GENERATE_INFOPLIST_FILE = YES;
				INFOPLIST_FILE = MVVMPracticeSimpleNewsApp/Info.plist;
				INFOPLIST_KEY_UIApplicationSupportsIndirectInputEvents = YES;
				INFOPLIST_KEY_UILaunchStoryboardName = LaunchScreen;
				INFOPLIST_KEY_UIMainStoryboardFile = Main;
				INFOPLIST_KEY_UISupportedInterfaceOrientations_iPad = "UIInterfaceOrientationPortrait UIInterfaceOrientationPortraitUpsideDown UIInterfaceOrientationLandscapeLeft UIInterfaceOrientationLandscapeRight";
				INFOPLIST_KEY_UISupportedInterfaceOrientations_iPhone = "UIInterfaceOrientationPortrait UIInterfaceOrientationLandscapeLeft UIInterfaceOrientationLandscapeRight";
				LD_RUNPATH_SEARCH_PATHS = (
					"$(inherited)",
					"@executable_path/Frameworks",
				);
				MARKETING_VERSION = 1.0;
				PRODUCT_BUNDLE_IDENTIFIER = za.co.carrington.MVVMPracticeSimpleNewsApp;
				PRODUCT_NAME = "$(TARGET_NAME)";
				SWIFT_EMIT_LOC_STRINGS = YES;
				SWIFT_VERSION = 5.0;
				TARGETED_DEVICE_FAMILY = "1,2";
			};
			name = Release;
		};
/* End XCBuildConfiguration section */

/* Begin XCConfigurationList section */
		8CD104DC2A28C86200B874CD /* Build configuration list for PBXProject "MVVMPracticeSimpleNewsApp" */ = {
			isa = XCConfigurationList;
			buildConfigurations = (
				8CD104F32A28C86300B874CD /* Debug */,
				8CD104F42A28C86300B874CD /* Release */,
			);
			defaultConfigurationIsVisible = 0;
			defaultConfigurationName = Release;
		};
		8CD104F52A28C86300B874CD /* Build configuration list for PBXNativeTarget "MVVMPracticeSimpleNewsApp" */ = {
			isa = XCConfigurationList;
			buildConfigurations = (
				8CD104F62A28C86300B874CD /* Debug */,
				8CD104F72A28C86300B874CD /* Release */,
			);
			defaultConfigurationIsVisible = 0;
			defaultConfigurationName = Release;
		};
/* End XCConfigurationList section */
	};
	rootObject = 8CD104D92A28C86200B874CD /* Project object */;
}
